
Microsoft Visual Studio Solution File, Format Version 12.00
# Visual Studio Version 17
VisualStudioVersion = 17.9.34728.123
MinimumVisualStudioVersion = 10.0.40219.1
Project("{FAE04EC0-301F-11D3-BF4B-00C04F79EFBC}") = "P_Dapper", "P_Dapper\P_Dapper.csproj", "{EF0DCACE-CA56-4E0E-9C02-0951005F0CE7}"
EndProject
Project("{FAE04EC0-301F-11D3-BF4B-00C04F79EFBC}") = "Models", "Models\Models.csproj", "{FCB9F434-AFCC-4BFE-9646-F0ADFB0A9B01}"
EndProject
Project("{FAE04EC0-301F-11D3-BF4B-00C04F79EFBC}") = "Controllers", "Controllers\Controllers.csproj", "{F4490FE8-EFAE-4089-A9FD-FB9559F65428}"
EndProject
Project("{FAE04EC0-301F-11D3-BF4B-00C04F79EFBC}") = "Repositories", "Repositories\Repositories.csproj", "{8FB9B30F-505E-42CD-81A8-643E804D52A8}"
EndProject
Project("{FAE04EC0-301F-11D3-BF4B-00C04F79EFBC}") = "Services", "Services\Services.csproj", "{8780BCBE-0E76-4F60-BF3A-F68BF91A41EC}"
EndProject
Global
	GlobalSection(SolutionConfigurationPlatforms) = preSolution
		Debug|Any CPU = Debug|Any CPU
		Release|Any CPU = Release|Any CPU
	EndGlobalSection
	GlobalSection(ProjectConfigurationPlatforms) = postSolution
		{EF0DCACE-CA56-4E0E-9C02-0951005F0CE7}.Debug|Any CPU.ActiveCfg = Debug|Any CPU
		{EF0DCACE-CA56-4E0E-9C02-0951005F0CE7}.Debug|Any CPU.Build.0 = Debug|Any CPU
		{EF0DCACE-CA56-4E0E-9C02-0951005F0CE7}.Release|Any CPU.ActiveCfg = Release|Any CPU
		{EF0DCACE-CA56-4E0E-9C02-0951005F0CE7}.Release|Any CPU.Build.0 = Release|Any CPU
		{FCB9F434-AFCC-4BFE-9646-F0ADFB0A9B01}.Debug|Any CPU.ActiveCfg = Debug|Any CPU
		{FCB9F434-AFCC-4BFE-9646-F0ADFB0A9B01}.Debug|Any CPU.Build.0 = Debug|Any CPU
		{FCB9F434-AFCC-4BFE-9646-F0ADFB0A9B01}.Release|Any CPU.ActiveCfg = Release|Any CPU
		{FCB9F434-AFCC-4BFE-9646-F0ADFB0A9B01}.Release|Any CPU.Build.0 = Release|Any CPU
		{F4490FE8-EFAE-4089-A9FD-FB9559F65428}.Debug|Any CPU.ActiveCfg = Debug|Any CPU
		{F4490FE8-EFAE-4089-A9FD-FB9559F65428}.Debug|Any CPU.Build.0 = Debug|Any CPU
		{F4490FE8-EFAE-4089-A9FD-FB9559F65428}.Release|Any CPU.ActiveCfg = Release|Any CPU
		{F4490FE8-EFAE-4089-A9FD-FB9559F65428}.Release|Any CPU.Build.0 = Release|Any CPU
		{8FB9B30F-505E-42CD-81A8-643E804D52A8}.Debug|Any CPU.ActiveCfg = Debug|Any CPU
		{8FB9B30F-505E-42CD-81A8-643E804D52A8}.Debug|Any CPU.Build.0 = Debug|Any CPU
		{8FB9B30F-505E-42CD-81A8-643E804D52A8}.Release|Any CPU.ActiveCfg = Release|Any CPU
		{8FB9B30F-505E-42CD-81A8-643E804D52A8}.Release|Any CPU.Build.0 = Release|Any CPU
		{8780BCBE-0E76-4F60-BF3A-F68BF91A41EC}.Debug|Any CPU.ActiveCfg = Debug|Any CPU
		{8780BCBE-0E76-4F60-BF3A-F68BF91A41EC}.Debug|Any CPU.Build.0 = Debug|Any CPU
		{8780BCBE-0E76-4F60-BF3A-F68BF91A41EC}.Release|Any CPU.ActiveCfg = Release|Any CPU
		{8780BCBE-0E76-4F60-BF3A-F68BF91A41EC}.Release|Any CPU.Build.0 = Release|Any CPU
	EndGlobalSection
	GlobalSection(SolutionProperties) = preSolution
		HideSolutionNode = FALSE
	EndGlobalSection
	GlobalSection(ExtensibilityGlobals) = postSolution
		SolutionGuid = {69945389-31CE-4549-8B12-E16C56D93E9C}
	EndGlobalSection
EndGlobal
